
Microsoft Visual Studio Solution File, Format Version 12.00
Project("{FAE04EC0-301F-11D3-BF4B-00C04F79EFBC}") = "AutoFixture.Optional", "AutoFixture.Optional\AutoFixture.Optional.csproj", "{822FF5C9-8E0E-4D71-B0BE-DE0F876DE13C}"
EndProject
Project("{FAE04EC0-301F-11D3-BF4B-00C04F79EFBC}") = "AutoFixture.Optional.Tests", "AutoFixture.Optional.Tests\AutoFixture.Optional.Tests.csproj", "{D1850037-0F91-4494-BFE7-DAF24084CD7C}"
EndProject
Global
	GlobalSection(SolutionConfigurationPlatforms) = preSolution
		Debug|Any CPU = Debug|Any CPU
		Release|Any CPU = Release|Any CPU
	EndGlobalSection
	GlobalSection(ProjectConfigurationPlatforms) = postSolution
		{822FF5C9-8E0E-4D71-B0BE-DE0F876DE13C}.Debug|Any CPU.ActiveCfg = Debug|Any CPU
		{822FF5C9-8E0E-4D71-B0BE-DE0F876DE13C}.Debug|Any CPU.Build.0 = Debug|Any CPU
		{822FF5C9-8E0E-4D71-B0BE-DE0F876DE13C}.Release|Any CPU.ActiveCfg = Release|Any CPU
		{822FF5C9-8E0E-4D71-B0BE-DE0F876DE13C}.Release|Any CPU.Build.0 = Release|Any CPU
		{D1850037-0F91-4494-BFE7-DAF24084CD7C}.Debug|Any CPU.ActiveCfg = Debug|Any CPU
		{D1850037-0F91-4494-BFE7-DAF24084CD7C}.Debug|Any CPU.Build.0 = Debug|Any CPU
		{D1850037-0F91-4494-BFE7-DAF24084CD7C}.Release|Any CPU.ActiveCfg = Release|Any CPU
		{D1850037-0F91-4494-BFE7-DAF24084CD7C}.Release|Any CPU.Build.0 = Release|Any CPU
	EndGlobalSection
EndGlobal
